<?xml version="1.0" encoding="utf-8"?>
<Project ToolsVersion="4.0" xmlns="http://schemas.microsoft.com/developer/msbuild/2003">
  <ItemGroup>
    <Filter Include="Classes">
      <UniqueIdentifier>{fc5cb953-2953-4968-83b3-39e3ff951754}</UniqueIdentifier>
    </Filter>
    <Filter Include="win32">
      <UniqueIdentifier>{037a9a02-b906-4cc5-ad98-304acd4e25ee}</UniqueIdentifier>
    </Filter>
    <Filter Include="resource">
      <UniqueIdentifier>{2d1d0979-58cd-4ab6-b91c-13650158f1fa}</UniqueIdentifier>
    </Filter>
    <Filter Include="Classes\reader">
      <UniqueIdentifier>{01385639-8517-4bf5-8347-ab50b7ca3d22}</UniqueIdentifier>
    </Filter>
    <Filter Include="Classes\reader\animation">
      <UniqueIdentifier>{aaa0f884-6b9c-4c96-a5f0-43fd90bb29c2}</UniqueIdentifier>
    </Filter>
    <Filter Include="Classes\reader\collider">
      <UniqueIdentifier>{8c0184ad-d145-4157-865d-6ea5cc1e8e8a}</UniqueIdentifier>
    </Filter>
    <Filter Include="Classes\reader\flatbuffers">
      <UniqueIdentifier>{671f2603-e4fa-4eec-a769-563db42c9e4d}</UniqueIdentifier>
    </Filter>
    <Filter Include="Classes\reader\lua-bindings">
      <UniqueIdentifier>{142692cf-4500-49e9-bfd4-239b2b263404}</UniqueIdentifier>
    </Filter>
    <Filter Include="Classes\reader\lua-bindings\reader">
      <UniqueIdentifier>{f1cbfa5f-c217-4430-82da-a5729c3b8ba8}</UniqueIdentifier>
    </Filter>
    <Filter Include="Classes\reader\ui">
      <UniqueIdentifier>{01a07ca2-ff26-464d-a525-d620e59c9bd3}</UniqueIdentifier>
    </Filter>
  </ItemGroup>
  <ItemGroup>
    <ClInclude Include="..\Classes\AppDelegate.h">
      <Filter>Classes</Filter>
    </ClInclude>
    <ClInclude Include="main.h">
      <Filter>win32</Filter>
    </ClInclude>
    <ClInclude Include="resource.h" />
    <ClInclude Include="SimulatorWin.h" />
    <ClInclude Include="stdafx.h">
      <Filter>win32</Filter>
    </ClInclude>
    <ClInclude Include="targetver.h">
      <Filter>win32</Filter>
    </ClInclude>
    <ClInclude Include="..\Classes\reader\animation\AnimateClip.h">
      <Filter>Classes\reader\animation</Filter>
    </ClInclude>
    <ClInclude Include="..\Classes\reader\animation\AnimationClip.h">
      <Filter>Classes\reader\animation</Filter>
    </ClInclude>
    <ClInclude Include="..\Classes\reader\animation\AnimationClipProperties.h">
      <Filter>Classes\reader\animation</Filter>
    </ClInclude>
    <ClInclude Include="..\Classes\reader\animation\AnimationManager.h">
      <Filter>Classes\reader\animation</Filter>
    </ClInclude>
    <ClInclude Include="..\Classes\reader\animation\Bezier.h">
      <Filter>Classes\reader\animation</Filter>
    </ClInclude>
    <ClInclude Include="..\Classes\reader\animation\Easing.h">
      <Filter>Classes\reader\animation</Filter>
    </ClInclude>
    <ClInclude Include="..\Classes\reader\collider\Collider.h">
      <Filter>Classes\reader\collider</Filter>
    </ClInclude>
    <ClInclude Include="..\Classes\reader\collider\ColliderManager.h">
      <Filter>Classes\reader\collider</Filter>
    </ClInclude>
    <ClInclude Include="..\Classes\reader\collider\Contract.h">
      <Filter>Classes\reader\collider</Filter>
    </ClInclude>
    <ClInclude Include="..\Classes\reader\collider\Intersection.h">
      <Filter>Classes\reader\collider</Filter>
    </ClInclude>
    <ClInclude Include="..\Classes\reader\flatbuffers\code_generators.h">
      <Filter>Classes\reader\flatbuffers</Filter>
    </ClInclude>
    <ClInclude Include="..\Classes\reader\flatbuffers\flatbuffers.h">
      <Filter>Classes\reader\flatbuffers</Filter>
    </ClInclude>
    <ClInclude Include="..\Classes\reader\flatbuffers\grpc.h">
      <Filter>Classes\reader\flatbuffers</Filter>
    </ClInclude>
    <ClInclude Include="..\Classes\reader\flatbuffers\hash.h">
      <Filter>Classes\reader\flatbuffers</Filter>
    </ClInclude>
    <ClInclude Include="..\Classes\reader\flatbuffers\idl.h">
      <Filter>Classes\reader\flatbuffers</Filter>
    </ClInclude>
    <ClInclude Include="..\Classes\reader\flatbuffers\reflection.h">
      <Filter>Classes\reader\flatbuffers</Filter>
    </ClInclude>
    <ClInclude Include="..\Classes\reader\flatbuffers\reflection_generated.h">
      <Filter>Classes\reader\flatbuffers</Filter>
    </ClInclude>
    <ClInclude Include="..\Classes\reader\flatbuffers\util.h">
      <Filter>Classes\reader\flatbuffers</Filter>
    </ClInclude>
    <ClInclude Include="..\Classes\reader\lua-bindings\reader\lua_creator_reader_auto.hpp">
      <Filter>Classes\reader\lua-bindings\reader</Filter>
    </ClInclude>
    <ClInclude Include="..\Classes\reader\lua-bindings\reader\lua_creator_reader_manual.hpp">
      <Filter>Classes\reader\lua-bindings\reader</Filter>
    </ClInclude>
    <ClInclude Include="..\Classes\reader\lua-bindings\creator_reader_bindings.hpp">
      <Filter>Classes\reader\lua-bindings</Filter>
    </ClInclude>
    <ClInclude Include="..\Classes\reader\ui\Button.h">
      <Filter>Classes\reader\ui</Filter>
    </ClInclude>
    <ClInclude Include="..\Classes\reader\ui\Layout.h">
      <Filter>Classes\reader\ui</Filter>
    </ClInclude>
    <ClInclude Include="..\Classes\reader\ui\PageView.h">
      <Filter>Classes\reader\ui</Filter>
    </ClInclude>
    <ClInclude Include="..\Classes\reader\ui\RadioButton.h">
      <Filter>Classes\reader\ui</Filter>
    </ClInclude>
    <ClInclude Include="..\Classes\reader\ui\RadioButtonGroup.h">
      <Filter>Classes\reader\ui</Filter>
    </ClInclude>
    <ClInclude Include="..\Classes\reader\ui\RichText.h">
      <Filter>Classes\reader\ui</Filter>
    </ClInclude>
    <ClInclude Include="..\Classes\reader\ui\RichtextStringVisitor.h">
      <Filter>Classes\reader\ui</Filter>
    </ClInclude>
    <ClInclude Include="..\Classes\reader\ui\ShaderCache.h">
      <Filter>Classes\reader\ui</Filter>
    </ClInclude>
    <ClInclude Include="..\Classes\reader\ui\WidgetExport.h">
      <Filter>Classes\reader\ui</Filter>
    </ClInclude>
    <ClInclude Include="..\Classes\reader\CreatorReader.h">
      <Filter>Classes\reader</Filter>
    </ClInclude>
    <ClInclude Include="..\Classes\reader\CreatorReader_generated.h">
      <Filter>Classes\reader</Filter>
    </ClInclude>
    <ClInclude Include="..\Classes\reader\Macros.h">
      <Filter>Classes\reader</Filter>
    </ClInclude>
  </ItemGroup>
  <ItemGroup>
    <ClCompile Include="..\Classes\AppDelegate.cpp">
      <Filter>Classes</Filter>
    </ClCompile>
    <ClCompile Include="main.cpp">
      <Filter>win32</Filter>
    </ClCompile>
    <ClCompile Include="SimulatorWin.cpp" />
    <ClCompile Include="stdafx.cpp">
      <Filter>win32</Filter>
    </ClCompile>
    <ClCompile Include="..\Classes\reader\animation\AnimateClip.cpp">
      <Filter>Classes\reader\animation</Filter>
    </ClCompile>
    <ClCompile Include="..\Classes\reader\animation\AnimationClip.cpp">
      <Filter>Classes\reader\animation</Filter>
    </ClCompile>
    <ClCompile Include="..\Classes\reader\animation\AnimationManager.cpp">
      <Filter>Classes\reader\animation</Filter>
    </ClCompile>
    <ClCompile Include="..\Classes\reader\animation\Bezier.cpp">
      <Filter>Classes\reader\animation</Filter>
    </ClCompile>
    <ClCompile Include="..\Classes\reader\animation\Easing.cpp">
      <Filter>Classes\reader\animation</Filter>
    </ClCompile>
    <ClCompile Include="..\Classes\reader\collider\Collider.cpp">
      <Filter>Classes\reader\collider</Filter>
    </ClCompile>
    <ClCompile Include="..\Classes\reader\collider\ColliderManager.cpp">
      <Filter>Classes\reader\collider</Filter>
    </ClCompile>
    <ClCompile Include="..\Classes\reader\collider\Contract.cpp">
      <Filter>Classes\reader\collider</Filter>
    </ClCompile>
    <ClCompile Include="..\Classes\reader\collider\Intersection.cpp">
      <Filter>Classes\reader\collider</Filter>
    </ClCompile>
    <ClCompile Include="..\Classes\reader\lua-bindings\reader\lua_creator_reader_auto.cpp">
      <Filter>Classes\reader\lua-bindings\reader</Filter>
    </ClCompile>
    <ClCompile Include="..\Classes\reader\lua-bindings\reader\lua_creator_reader_manual.cpp">
      <Filter>Classes\reader\lua-bindings\reader</Filter>
    </ClCompile>
    <ClCompile Include="..\Classes\reader\lua-bindings\creator_reader_bindings.cpp">
      <Filter>Classes\reader\lua-bindings</Filter>
    </ClCompile>
    <ClCompile Include="..\Classes\reader\ui\Button.cpp">
      <Filter>Classes\reader\ui</Filter>
    </ClCompile>
    <ClCompile Include="..\Classes\reader\ui\Layout.cpp">
      <Filter>Classes\reader\ui</Filter>
    </ClCompile>
    <ClCompile Include="..\Classes\reader\ui\PageView.cpp">
      <Filter>Classes\reader\ui</Filter>
    </ClCompile>
    <ClCompile Include="..\Classes\reader\ui\RadioButton.cpp">
      <Filter>Classes\reader\ui</Filter>
    </ClCompile>
    <ClCompile Include="..\Classes\reader\ui\RadioButtonGroup.cpp">
      <Filter>Classes\reader\ui</Filter>
    </ClCompile>
    <ClCompile Include="..\Classes\reader\ui\RichText.cpp">
      <Filter>Classes\reader\ui</Filter>
    </ClCompile>
    <ClCompile Include="..\Classes\reader\ui\RichtextStringVisitor.cpp">
      <Filter>Classes\reader\ui</Filter>
    </ClCompile>
    <ClCompile Include="..\Classes\reader\ui\ShaderCache.cpp">
      <Filter>Classes\reader\ui</Filter>
    </ClCompile>
    <ClCompile Include="..\Classes\reader\ui\WidgetExport.cpp">
      <Filter>Classes\reader\ui</Filter>
    </ClCompile>
    <ClCompile Include="..\Classes\reader\CreatorReader.cpp">
      <Filter>Classes\reader</Filter>
    </ClCompile>
    <ClCompile Include="..\Classes\reader\animation\AnimationClipProperties.cpp">
      <Filter>Classes\reader\animation</Filter>
    </ClCompile>
  </ItemGroup>
  <ItemGroup>
    <ResourceCompile Include="game.rc">
      <Filter>resource</Filter>
    </ResourceCompile>
  </ItemGroup>
  <ItemGroup>
    <Image Include="res\game.ico" />
  </ItemGroup>
</Project>